
Microsoft Visual Studio Solution File, Format Version 12.00
# Visual Studio Version 17
VisualStudioVersion = 17.13.35931.197 d17.13
MinimumVisualStudioVersion = 10.0.40219.1
Project("{FAE04EC0-301F-11D3-BF4B-00C04F79EFBC}") = "SuperMercado", "SuperMercado\SuperMercado.csproj", "{32E3A296-FE09-4B0E-97B8-43FAEDCEBD22}"
EndProject
Global
	GlobalSection(SolutionConfigurationPlatforms) = preSolution
		Debug|Any CPU = Debug|Any CPU
		Release|Any CPU = Release|Any CPU
	EndGlobalSection
	GlobalSection(ProjectConfigurationPlatforms) = postSolution
		{32E3A296-FE09-4B0E-97B8-43FAEDCEBD22}.Debug|Any CPU.ActiveCfg = Debug|Any CPU
		{32E3A296-FE09-4B0E-97B8-43FAEDCEBD22}.Debug|Any CPU.Build.0 = Debug|Any CPU
		{32E3A296-FE09-4B0E-97B8-43FAEDCEBD22}.Release|Any CPU.ActiveCfg = Release|Any CPU
		{32E3A296-FE09-4B0E-97B8-43FAEDCEBD22}.Release|Any CPU.Build.0 = Release|Any CPU
	EndGlobalSection
	GlobalSection(SolutionProperties) = preSolution
		HideSolutionNode = FALSE
	EndGlobalSection
	GlobalSection(ExtensibilityGlobals) = postSolution
		SolutionGuid = {1198220C-5411-43DA-BCBA-21234C7CE5BF}
	EndGlobalSection
EndGlobal
